
Microsoft Visual Studio Solution File, Format Version 10.00
# Visual Studio 2008
Project("{FAE04EC0-301F-11D3-BF4B-00C04F79EFBC}") = "tetris2", "tetris2\tetris2.csproj", "{867388A6-83B5-4161-9967-9404B497A5D1}"
EndProject
Global
	GlobalSection(SolutionConfigurationPlatforms) = preSolution
		Debug|Any CPU = Debug|Any CPU
		Release|Any CPU = Release|Any CPU
	EndGlobalSection
	GlobalSection(ProjectConfigurationPlatforms) = postSolution
		{867388A6-83B5-4161-9967-9404B497A5D1}.Debug|Any CPU.ActiveCfg = Debug|Any CPU
		{867388A6-83B5-4161-9967-9404B497A5D1}.Debug|Any CPU.Build.0 = Debug|Any CPU
		{867388A6-83B5-4161-9967-9404B497A5D1}.Release|Any CPU.ActiveCfg = Release|Any CPU
		{867388A6-83B5-4161-9967-9404B497A5D1}.Release|Any CPU.Build.0 = Release|Any CPU
	EndGlobalSection
	GlobalSection(SolutionProperties) = preSolution
		HideSolutionNode = FALSE
	EndGlobalSection
EndGlobal
